
Microsoft Visual Studio Solution File, Format Version 12.00
# Visual Studio Version 17
VisualStudioVersion = 17.7.34024.191
MinimumVisualStudioVersion = 10.0.40219.1
Project("{9A19103F-16F7-4668-BE54-9A1E7A4F7556}") = "EFCoreBenchmarks", "EFCoreBenchmarks\EFCoreBenchmarks.csproj", "{6728FF54-97FF-4101-857C-6C836348224F}"
EndProject
Project("{9A19103F-16F7-4668-BE54-9A1E7A4F7556}") = "DapperBenchmarks", "DapperBenchmarks\DapperBenchmarks.csproj", "{4CC3B231-1498-4603-9214-B304266C1320}"
EndProject
Project("{9A19103F-16F7-4668-BE54-9A1E7A4F7556}") = "NHibernateBenchmarks", "NHibernateBenchmarks\NHibernateBenchmarks.csproj", "{4555D63F-F976-4149-8D0E-2303AE4460B8}"
EndProject
Project("{9A19103F-16F7-4668-BE54-9A1E7A4F7556}") = "LinqToDbBenchmarks", "LinqToDbBenchmarks\LinqToDbBenchmarks.csproj", "{FED22E21-BB7D-4EA0-9B47-56003AA2BDEE}"
EndProject
Project("{9A19103F-16F7-4668-BE54-9A1E7A4F7556}") = "RepoDbBenchmarks", "RepoDbBenchmarks\RepoDbBenchmarks.csproj", "{9F70A83A-875B-49A9-B0DE-578DC27EFAD9}"
EndProject
Project("{9A19103F-16F7-4668-BE54-9A1E7A4F7556}") = "OrmLiteBenchmarks", "OrmLiteBenchmarks\OrmLiteBenchmarks.csproj", "{DEE4AC85-876A-492F-807C-4A62ECE45C39}"
EndProject
Project("{9A19103F-16F7-4668-BE54-9A1E7A4F7556}") = "Norm.NetBenchmarks", "Norm.NetBenchmarks\Norm.NetBenchmarks.csproj", "{834F3000-2099-4430-9874-9B8407E45D3B}"
EndProject
Project("{9A19103F-16F7-4668-BE54-9A1E7A4F7556}") = "PetaPocoBenchmarks", "PetaPocoBenchmarks\PetaPocoBenchmarks.csproj", "{B7D44BAA-BF05-4D7C-AFC5-BF4EC4F008D9}"
EndProject
Project("{9A19103F-16F7-4668-BE54-9A1E7A4F7556}") = "Tools", "Tools\Tools.csproj", "{C98C494C-B6BD-44B1-9F38-CBA312BFBF59}"
EndProject
Project("{FAE04EC0-301F-11D3-BF4B-00C04F79EFBC}") = "Benchmarks", "Benchmarks\Benchmarks.csproj", "{B90E8CB7-85DF-4F5A-8ED3-A83FAC80AA5C}"
EndProject
Global
	GlobalSection(SolutionConfigurationPlatforms) = preSolution
		Debug|Any CPU = Debug|Any CPU
		Release|Any CPU = Release|Any CPU
	EndGlobalSection
	GlobalSection(ProjectConfigurationPlatforms) = postSolution
		{6728FF54-97FF-4101-857C-6C836348224F}.Debug|Any CPU.ActiveCfg = Debug|Any CPU
		{6728FF54-97FF-4101-857C-6C836348224F}.Debug|Any CPU.Build.0 = Debug|Any CPU
		{6728FF54-97FF-4101-857C-6C836348224F}.Release|Any CPU.ActiveCfg = Release|Any CPU
		{6728FF54-97FF-4101-857C-6C836348224F}.Release|Any CPU.Build.0 = Release|Any CPU
		{4CC3B231-1498-4603-9214-B304266C1320}.Debug|Any CPU.ActiveCfg = Debug|Any CPU
		{4CC3B231-1498-4603-9214-B304266C1320}.Debug|Any CPU.Build.0 = Debug|Any CPU
		{4CC3B231-1498-4603-9214-B304266C1320}.Release|Any CPU.ActiveCfg = Release|Any CPU
		{4CC3B231-1498-4603-9214-B304266C1320}.Release|Any CPU.Build.0 = Release|Any CPU
		{4555D63F-F976-4149-8D0E-2303AE4460B8}.Debug|Any CPU.ActiveCfg = Debug|Any CPU
		{4555D63F-F976-4149-8D0E-2303AE4460B8}.Debug|Any CPU.Build.0 = Debug|Any CPU
		{4555D63F-F976-4149-8D0E-2303AE4460B8}.Release|Any CPU.ActiveCfg = Release|Any CPU
		{4555D63F-F976-4149-8D0E-2303AE4460B8}.Release|Any CPU.Build.0 = Release|Any CPU
		{FED22E21-BB7D-4EA0-9B47-56003AA2BDEE}.Debug|Any CPU.ActiveCfg = Debug|Any CPU
		{FED22E21-BB7D-4EA0-9B47-56003AA2BDEE}.Debug|Any CPU.Build.0 = Debug|Any CPU
		{FED22E21-BB7D-4EA0-9B47-56003AA2BDEE}.Release|Any CPU.ActiveCfg = Release|Any CPU
		{FED22E21-BB7D-4EA0-9B47-56003AA2BDEE}.Release|Any CPU.Build.0 = Release|Any CPU
		{9F70A83A-875B-49A9-B0DE-578DC27EFAD9}.Debug|Any CPU.ActiveCfg = Debug|Any CPU
		{9F70A83A-875B-49A9-B0DE-578DC27EFAD9}.Debug|Any CPU.Build.0 = Debug|Any CPU
		{9F70A83A-875B-49A9-B0DE-578DC27EFAD9}.Release|Any CPU.ActiveCfg = Release|Any CPU
		{9F70A83A-875B-49A9-B0DE-578DC27EFAD9}.Release|Any CPU.Build.0 = Release|Any CPU
		{DEE4AC85-876A-492F-807C-4A62ECE45C39}.Debug|Any CPU.ActiveCfg = Debug|Any CPU
		{DEE4AC85-876A-492F-807C-4A62ECE45C39}.Debug|Any CPU.Build.0 = Debug|Any CPU
		{DEE4AC85-876A-492F-807C-4A62ECE45C39}.Release|Any CPU.ActiveCfg = Release|Any CPU
		{DEE4AC85-876A-492F-807C-4A62ECE45C39}.Release|Any CPU.Build.0 = Release|Any CPU
		{834F3000-2099-4430-9874-9B8407E45D3B}.Debug|Any CPU.ActiveCfg = Debug|Any CPU
		{834F3000-2099-4430-9874-9B8407E45D3B}.Debug|Any CPU.Build.0 = Debug|Any CPU
		{834F3000-2099-4430-9874-9B8407E45D3B}.Release|Any CPU.ActiveCfg = Release|Any CPU
		{834F3000-2099-4430-9874-9B8407E45D3B}.Release|Any CPU.Build.0 = Release|Any CPU
		{B7D44BAA-BF05-4D7C-AFC5-BF4EC4F008D9}.Debug|Any CPU.ActiveCfg = Debug|Any CPU
		{B7D44BAA-BF05-4D7C-AFC5-BF4EC4F008D9}.Debug|Any CPU.Build.0 = Debug|Any CPU
		{B7D44BAA-BF05-4D7C-AFC5-BF4EC4F008D9}.Release|Any CPU.ActiveCfg = Release|Any CPU
		{B7D44BAA-BF05-4D7C-AFC5-BF4EC4F008D9}.Release|Any CPU.Build.0 = Release|Any CPU
		{C98C494C-B6BD-44B1-9F38-CBA312BFBF59}.Debug|Any CPU.ActiveCfg = Debug|Any CPU
		{C98C494C-B6BD-44B1-9F38-CBA312BFBF59}.Debug|Any CPU.Build.0 = Debug|Any CPU
		{C98C494C-B6BD-44B1-9F38-CBA312BFBF59}.Release|Any CPU.ActiveCfg = Release|Any CPU
		{C98C494C-B6BD-44B1-9F38-CBA312BFBF59}.Release|Any CPU.Build.0 = Release|Any CPU
		{B90E8CB7-85DF-4F5A-8ED3-A83FAC80AA5C}.Debug|Any CPU.ActiveCfg = Debug|Any CPU
		{B90E8CB7-85DF-4F5A-8ED3-A83FAC80AA5C}.Debug|Any CPU.Build.0 = Debug|Any CPU
		{B90E8CB7-85DF-4F5A-8ED3-A83FAC80AA5C}.Release|Any CPU.ActiveCfg = Release|Any CPU
		{B90E8CB7-85DF-4F5A-8ED3-A83FAC80AA5C}.Release|Any CPU.Build.0 = Release|Any CPU
	EndGlobalSection
	GlobalSection(SolutionProperties) = preSolution
		HideSolutionNode = FALSE
	EndGlobalSection
	GlobalSection(ExtensibilityGlobals) = postSolution
		SolutionGuid = {72438F4E-C81D-45B7-B947-6AE33976D288}
	EndGlobalSection
EndGlobal
